// !$*UTF8*$!
{
	archiveVersion = 1;
	classes = {
	};
	objectVersion = 55;
	objects = {

/* Begin PBXBuildFile section */
		E81923E628AE221A00CB3FFE /* AppDelegate.swift in Sources */ = {isa = PBXBuildFile; fileRef = E81923E528AE221A00CB3FFE /* AppDelegate.swift */; };
		E81923E828AE221A00CB3FFE /* SceneDelegate.swift in Sources */ = {isa = PBXBuildFile; fileRef = E81923E728AE221A00CB3FFE /* SceneDelegate.swift */; };
		E81923EA28AE221A00CB3FFE /* MainViewController.swift in Sources */ = {isa = PBXBuildFile; fileRef = E81923E928AE221A00CB3FFE /* MainViewController.swift */; };
		E81923ED28AE221A00CB3FFE /* Main.storyboard in Resources */ = {isa = PBXBuildFile; fileRef = E81923EB28AE221A00CB3FFE /* Main.storyboard */; };
		E81923EF28AE221C00CB3FFE /* Assets.xcassets in Resources */ = {isa = PBXBuildFile; fileRef = E81923EE28AE221C00CB3FFE /* Assets.xcassets */; };
		E81923F228AE221C00CB3FFE /* LaunchScreen.storyboard in Resources */ = {isa = PBXBuildFile; fileRef = E81923F028AE221C00CB3FFE /* LaunchScreen.storyboard */; };
		E819240428AE2DE800CB3FFE /* Logger+.swift in Sources */ = {isa = PBXBuildFile; fileRef = E819240328AE2DE800CB3FFE /* Logger+.swift */; };
		E819240A28AE343F00CB3FFE /* CoreDataStorage.xcdatamodeld in Sources */ = {isa = PBXBuildFile; fileRef = E819240828AE343F00CB3FFE /* CoreDataStorage.xcdatamodeld */; };
		E819240D28AE355600CB3FFE /* CoreDataStorage.swift in Sources */ = {isa = PBXBuildFile; fileRef = E819240C28AE355600CB3FFE /* CoreDataStorage.swift */; };
		E819240F28AE358300CB3FFE /* MessageStorage.swift in Sources */ = {isa = PBXBuildFile; fileRef = E819240E28AE358300CB3FFE /* MessageStorage.swift */; };
		E819241228AE360400CB3FFE /* CoreDataMessageStorage.swift in Sources */ = {isa = PBXBuildFile; fileRef = E819241128AE360400CB3FFE /* CoreDataMessageStorage.swift */; };
		E819241628AE3E6300CB3FFE /* Message.swift in Sources */ = {isa = PBXBuildFile; fileRef = E819241528AE3E6300CB3FFE /* Message.swift */; };
		E819241828AE410800CB3FFE /* MessageEntity+Mapping.swift in Sources */ = {isa = PBXBuildFile; fileRef = E819241728AE410800CB3FFE /* MessageEntity+Mapping.swift */; };
		E819242128AF53D100CB3FFE /* MainViewModel.swift in Sources */ = {isa = PBXBuildFile; fileRef = E819242028AF53D100CB3FFE /* MainViewModel.swift */; };
/* End PBXBuildFile section */

/* Begin PBXFileReference section */
		E81923E228AE221A00CB3FFE /* BackgroundTasksExample.app */ = {isa = PBXFileReference; explicitFileType = wrapper.application; includeInIndex = 0; path = BackgroundTasksExample.app; sourceTree = BUILT_PRODUCTS_DIR; };
		E81923E528AE221A00CB3FFE /* AppDelegate.swift */ = {isa = PBXFileReference; lastKnownFileType = sourcecode.swift; path = AppDelegate.swift; sourceTree = "<group>"; };
		E81923E728AE221A00CB3FFE /* SceneDelegate.swift */ = {isa = PBXFileReference; lastKnownFileType = sourcecode.swift; path = SceneDelegate.swift; sourceTree = "<group>"; };
		E81923E928AE221A00CB3FFE /* MainViewController.swift */ = {isa = PBXFileReference; lastKnownFileType = sourcecode.swift; path = MainViewController.swift; sourceTree = "<group>"; };
		E81923EC28AE221A00CB3FFE /* Base */ = {isa = PBXFileReference; lastKnownFileType = file.storyboard; name = Base; path = Base.lproj/Main.storyboard; sourceTree = "<group>"; };
		E81923EE28AE221C00CB3FFE /* Assets.xcassets */ = {isa = PBXFileReference; lastKnownFileType = folder.assetcatalog; path = Assets.xcassets; sourceTree = "<group>"; };
		E81923F128AE221C00CB3FFE /* Base */ = {isa = PBXFileReference; lastKnownFileType = file.storyboard; name = Base; path = Base.lproj/LaunchScreen.storyboard; sourceTree = "<group>"; };
		E81923F328AE221C00CB3FFE /* Info.plist */ = {isa = PBXFileReference; lastKnownFileType = text.plist.xml; name = Info.plist; path = BackgroundTasksExample/Resources/Info.plist; sourceTree = SOURCE_ROOT; };
		E819240328AE2DE800CB3FFE /* Logger+.swift */ = {isa = PBXFileReference; lastKnownFileType = sourcecode.swift; path = "Logger+.swift"; sourceTree = "<group>"; };
		E819240928AE343F00CB3FFE /* Model.xcdatamodel */ = {isa = PBXFileReference; lastKnownFileType = wrapper.xcdatamodel; path = Model.xcdatamodel; sourceTree = "<group>"; };
		E819240C28AE355600CB3FFE /* CoreDataStorage.swift */ = {isa = PBXFileReference; lastKnownFileType = sourcecode.swift; path = CoreDataStorage.swift; sourceTree = "<group>"; };
		E819240E28AE358300CB3FFE /* MessageStorage.swift */ = {isa = PBXFileReference; lastKnownFileType = sourcecode.swift; path = MessageStorage.swift; sourceTree = "<group>"; };
		E819241128AE360400CB3FFE /* CoreDataMessageStorage.swift */ = {isa = PBXFileReference; lastKnownFileType = sourcecode.swift; path = CoreDataMessageStorage.swift; sourceTree = "<group>"; };
		E819241528AE3E6300CB3FFE /* Message.swift */ = {isa = PBXFileReference; lastKnownFileType = sourcecode.swift; path = Message.swift; sourceTree = "<group>"; };
		E819241728AE410800CB3FFE /* MessageEntity+Mapping.swift */ = {isa = PBXFileReference; lastKnownFileType = sourcecode.swift; path = "MessageEntity+Mapping.swift"; sourceTree = "<group>"; };
		E819242028AF53D100CB3FFE /* MainViewModel.swift */ = {isa = PBXFileReference; lastKnownFileType = sourcecode.swift; path = MainViewModel.swift; sourceTree = "<group>"; };
/* End PBXFileReference section */

/* Begin PBXFrameworksBuildPhase section */
		E81923DF28AE221A00CB3FFE /* Frameworks */ = {
			isa = PBXFrameworksBuildPhase;
			buildActionMask = 2147483647;
			files = (
			);
			runOnlyForDeploymentPostprocessing = 0;
		};
/* End PBXFrameworksBuildPhase section */

/* Begin PBXGroup section */
		E81923D928AE221A00CB3FFE = {
			isa = PBXGroup;
			children = (
				E81923E428AE221A00CB3FFE /* BackgroundTasksExample */,
				E81923E328AE221A00CB3FFE /* Products */,
			);
			sourceTree = "<group>";
		};
		E81923E328AE221A00CB3FFE /* Products */ = {
			isa = PBXGroup;
			children = (
				E81923E228AE221A00CB3FFE /* BackgroundTasksExample.app */,
			);
			name = Products;
			sourceTree = "<group>";
		};
		E81923E428AE221A00CB3FFE /* BackgroundTasksExample */ = {
			isa = PBXGroup;
			children = (
				E81923F928AE225D00CB3FFE /* Application */,
				E819240528AE341800CB3FFE /* Data */,
				E819241328AE3E5400CB3FFE /* Domain */,
				E81923FB28AE226400CB3FFE /* Resources */,
				E81923FA28AE226200CB3FFE /* Scenes */,
				E81923FC28AE226900CB3FFE /* Utils */,
			);
			path = BackgroundTasksExample;
			sourceTree = "<group>";
		};
		E81923F928AE225D00CB3FFE /* Application */ = {
			isa = PBXGroup;
			children = (
				E81923E528AE221A00CB3FFE /* AppDelegate.swift */,
				E81923E728AE221A00CB3FFE /* SceneDelegate.swift */,
			);
			path = Application;
			sourceTree = "<group>";
		};
		E81923FA28AE226200CB3FFE /* Scenes */ = {
			isa = PBXGroup;
			children = (
				E819241C28AF53AD00CB3FFE /* Main */,
			);
			path = Scenes;
			sourceTree = "<group>";
		};
		E81923FB28AE226400CB3FFE /* Resources */ = {
			isa = PBXGroup;
			children = (
				E81923EE28AE221C00CB3FFE /* Assets.xcassets */,
				E81923F328AE221C00CB3FFE /* Info.plist */,
				E81923F028AE221C00CB3FFE /* LaunchScreen.storyboard */,
			);
			path = Resources;
			sourceTree = "<group>";
		};
		E81923FC28AE226900CB3FFE /* Utils */ = {
			isa = PBXGroup;
			children = (
				E819240328AE2DE800CB3FFE /* Logger+.swift */,
			);
			path = Utils;
			sourceTree = "<group>";
		};
		E819240528AE341800CB3FFE /* Data */ = {
			isa = PBXGroup;
			children = (
				E819240B28AE34F500CB3FFE /* Message */,
				E819240628AE341A00CB3FFE /* CoreData */,
			);
			path = Data;
			sourceTree = "<group>";
		};
		E819240628AE341A00CB3FFE /* CoreData */ = {
			isa = PBXGroup;
			children = (
				E819240C28AE355600CB3FFE /* CoreDataStorage.swift */,
				E819240828AE343F00CB3FFE /* CoreDataStorage.xcdatamodeld */,
			);
			path = CoreData;
			sourceTree = "<group>";
		};
		E819240B28AE34F500CB3FFE /* Message */ = {
			isa = PBXGroup;
			children = (
				E819241A28AE416E00CB3FFE /* CoreDataStorage */,
				E819241928AE415700CB3FFE /* EntityMapping */,
				E819241028AE35E500CB3FFE /* Interfaces */,
			);
			path = Message;
			sourceTree = "<group>";
		};
		E819241028AE35E500CB3FFE /* Interfaces */ = {
			isa = PBXGroup;
			children = (
				E819240E28AE358300CB3FFE /* MessageStorage.swift */,
			);
			path = Interfaces;
			sourceTree = "<group>";
		};
		E819241328AE3E5400CB3FFE /* Domain */ = {
			isa = PBXGroup;
			children = (
				E819241428AE3E5B00CB3FFE /* Entities */,
			);
			path = Domain;
			sourceTree = "<group>";
		};
		E819241428AE3E5B00CB3FFE /* Entities */ = {
			isa = PBXGroup;
			children = (
				E819241528AE3E6300CB3FFE /* Message.swift */,
			);
			path = Entities;
			sourceTree = "<group>";
		};
		E819241928AE415700CB3FFE /* EntityMapping */ = {
			isa = PBXGroup;
			children = (
				E819241728AE410800CB3FFE /* MessageEntity+Mapping.swift */,
			);
			path = EntityMapping;
			sourceTree = "<group>";
		};
		E819241A28AE416E00CB3FFE /* CoreDataStorage */ = {
			isa = PBXGroup;
			children = (
				E819241128AE360400CB3FFE /* CoreDataMessageStorage.swift */,
			);
			path = CoreDataStorage;
			sourceTree = "<group>";
		};
		E819241C28AF53AD00CB3FFE /* Main */ = {
			isa = PBXGroup;
			children = (
				E819241D28AF53B100CB3FFE /* View */,
				E819241F28AF53C500CB3FFE /* ViewModel */,
			);
			path = Main;
			sourceTree = "<group>";
		};
		E819241D28AF53B100CB3FFE /* View */ = {
			isa = PBXGroup;
			children = (
				E81923E928AE221A00CB3FFE /* MainViewController.swift */,
				E81923EB28AE221A00CB3FFE /* Main.storyboard */,
			);
			path = View;
			sourceTree = "<group>";
		};
		E819241F28AF53C500CB3FFE /* ViewModel */ = {
			isa = PBXGroup;
			children = (
				E819242028AF53D100CB3FFE /* MainViewModel.swift */,
			);
			path = ViewModel;
			sourceTree = "<group>";
		};
/* End PBXGroup section */

/* Begin PBXNativeTarget section */
		E81923E128AE221A00CB3FFE /* BackgroundTasksExample */ = {
			isa = PBXNativeTarget;
			buildConfigurationList = E81923F628AE221C00CB3FFE /* Build configuration list for PBXNativeTarget "BackgroundTasksExample" */;
			buildPhases = (
				E81923DE28AE221A00CB3FFE /* Sources */,
				E81923DF28AE221A00CB3FFE /* Frameworks */,
				E81923E028AE221A00CB3FFE /* Resources */,
			);
			buildRules = (
			);
			dependencies = (
			);
			name = BackgroundTasksExample;
			productName = BackgroundTasks;
			productReference = E81923E228AE221A00CB3FFE /* BackgroundTasksExample.app */;
			productType = "com.apple.product-type.application";
		};
/* End PBXNativeTarget section */

/* Begin PBXProject section */
		E81923DA28AE221A00CB3FFE /* Project object */ = {
			isa = PBXProject;
			attributes = {
				BuildIndependentTargetsInParallel = 1;
				LastSwiftUpdateCheck = 1340;
				LastUpgradeCheck = 1340;
				TargetAttributes = {
					E81923E128AE221A00CB3FFE = {
						CreatedOnToolsVersion = 13.4.1;
					};
				};
			};
			buildConfigurationList = E81923DD28AE221A00CB3FFE /* Build configuration list for PBXProject "BackgroundTasksExample" */;
			compatibilityVersion = "Xcode 13.0";
			developmentRegion = en;
			hasScannedForEncodings = 0;
			knownRegions = (
				en,
				Base,
			);
			mainGroup = E81923D928AE221A00CB3FFE;
			productRefGroup = E81923E328AE221A00CB3FFE /* Products */;
			projectDirPath = "";
			projectRoot = "";
			targets = (
				E81923E128AE221A00CB3FFE /* BackgroundTasksExample */,
			);
		};
/* End PBXProject section */

/* Begin PBXResourcesBuildPhase section */
		E81923E028AE221A00CB3FFE /* Resources */ = {
			isa = PBXResourcesBuildPhase;
			buildActionMask = 2147483647;
			files = (
				E81923F228AE221C00CB3FFE /* LaunchScreen.storyboard in Resources */,
				E81923EF28AE221C00CB3FFE /* Assets.xcassets in Resources */,
				E81923ED28AE221A00CB3FFE /* Main.storyboard in Resources */,
			);
			runOnlyForDeploymentPostprocessing = 0;
		};
/* End PBXResourcesBuildPhase section */

/* Begin PBXSourcesBuildPhase section */
		E81923DE28AE221A00CB3FFE /* Sources */ = {
			isa = PBXSourcesBuildPhase;
			buildActionMask = 2147483647;
			files = (
				E819240D28AE355600CB3FFE /* CoreDataStorage.swift in Sources */,
				E81923EA28AE221A00CB3FFE /* MainViewController.swift in Sources */,
				E819240F28AE358300CB3FFE /* MessageStorage.swift in Sources */,
				E819241628AE3E6300CB3FFE /* Message.swift in Sources */,
				E81923E628AE221A00CB3FFE /* AppDelegate.swift in Sources */,
				E819241228AE360400CB3FFE /* CoreDataMessageStorage.swift in Sources */,
				E819240A28AE343F00CB3FFE /* CoreDataStorage.xcdatamodeld in Sources */,
				E81923E828AE221A00CB3FFE /* SceneDelegate.swift in Sources */,
				E819241828AE410800CB3FFE /* MessageEntity+Mapping.swift in Sources */,
				E819240428AE2DE800CB3FFE /* Logger+.swift in Sources */,
				E819242128AF53D100CB3FFE /* MainViewModel.swift in Sources */,
			);
			runOnlyForDeploymentPostprocessing = 0;
		};
/* End PBXSourcesBuildPhase section */

/* Begin PBXVariantGroup section */
		E81923EB28AE221A00CB3FFE /* Main.storyboard */ = {
			isa = PBXVariantGroup;
			children = (
				E81923EC28AE221A00CB3FFE /* Base */,
			);
			name = Main.storyboard;
			sourceTree = "<group>";
		};
		E81923F028AE221C00CB3FFE /* LaunchScreen.storyboard */ = {
			isa = PBXVariantGroup;
			children = (
				E81923F128AE221C00CB3FFE /* Base */,
			);
			name = LaunchScreen.storyboard;
			sourceTree = "<group>";
		};
/* End PBXVariantGroup section */

/* Begin XCBuildConfiguration section */
		E81923F428AE221C00CB3FFE /* Debug */ = {
			isa = XCBuildConfiguration;
			buildSettings = {
				ALWAYS_SEARCH_USER_PATHS = NO;
				CLANG_ANALYZER_NONNULL = YES;
				CLANG_ANALYZER_NUMBER_OBJECT_CONVERSION = YES_AGGRESSIVE;
				CLANG_CXX_LANGUAGE_STANDARD = "gnu++17";
				CLANG_ENABLE_MODULES = YES;
				CLANG_ENABLE_OBJC_ARC = YES;
				CLANG_ENABLE_OBJC_WEAK = YES;
				CLANG_WARN_BLOCK_CAPTURE_AUTORELEASING = YES;
				CLANG_WARN_BOOL_CONVERSION = YES;
				CLANG_WARN_COMMA = YES;
				CLANG_WARN_CONSTANT_CONVERSION = YES;
				CLANG_WARN_DEPRECATED_OBJC_IMPLEMENTATIONS = YES;
				CLANG_WARN_DIRECT_OBJC_ISA_USAGE = YES_ERROR;
				CLANG_WARN_DOCUMENTATION_COMMENTS = YES;
				CLANG_WARN_EMPTY_BODY = YES;
				CLANG_WARN_ENUM_CONVERSION = YES;
				CLANG_WARN_INFINITE_RECURSION = YES;
				CLANG_WARN_INT_CONVERSION = YES;
				CLANG_WARN_NON_LITERAL_NULL_CONVERSION = YES;
				CLANG_WARN_OBJC_IMPLICIT_RETAIN_SELF = YES;
				CLANG_WARN_OBJC_LITERAL_CONVERSION = YES;
				CLANG_WARN_OBJC_ROOT_CLASS = YES_ERROR;
				CLANG_WARN_QUOTED_INCLUDE_IN_FRAMEWORK_HEADER = YES;
				CLANG_WARN_RANGE_LOOP_ANALYSIS = YES;
				CLANG_WARN_STRICT_PROTOTYPES = YES;
				CLANG_WARN_SUSPICIOUS_MOVE = YES;
				CLANG_WARN_UNGUARDED_AVAILABILITY = YES_AGGRESSIVE;
				CLANG_WARN_UNREACHABLE_CODE = YES;
				CLANG_WARN__DUPLICATE_METHOD_MATCH = YES;
				COPY_PHASE_STRIP = NO;
				DEBUG_INFORMATION_FORMAT = dwarf;
				ENABLE_STRICT_OBJC_MSGSEND = YES;
				ENABLE_TESTABILITY = YES;
				GCC_C_LANGUAGE_STANDARD = gnu11;
				GCC_DYNAMIC_NO_PIC = NO;
				GCC_NO_COMMON_BLOCKS = YES;
				GCC_OPTIMIZATION_LEVEL = 0;
				GCC_PREPROCESSOR_DEFINITIONS = (
					"DEBUG=1",
					"$(inherited)",
				);
				GCC_WARN_64_TO_32_BIT_CONVERSION = YES;
				GCC_WARN_ABOUT_RETURN_TYPE = YES_ERROR;
				GCC_WARN_UNDECLARED_SELECTOR = YES;
				GCC_WARN_UNINITIALIZED_AUTOS = YES_AGGRESSIVE;
				GCC_WARN_UNUSED_FUNCTION = YES;
				GCC_WARN_UNUSED_VARIABLE = YES;
				IPHONEOS_DEPLOYMENT_TARGET = 15.0;
				MTL_ENABLE_DEBUG_INFO = INCLUDE_SOURCE;
				MTL_FAST_MATH = YES;
				ONLY_ACTIVE_ARCH = YES;
				SDKROOT = iphoneos;
				SWIFT_ACTIVE_COMPILATION_CONDITIONS = DEBUG;
				SWIFT_OPTIMIZATION_LEVEL = "-Onone";
			};
			name = Debug;
		};
		E81923F528AE221C00CB3FFE /* Release */ = {
			isa = XCBuildConfiguration;
			buildSettings = {
				ALWAYS_SEARCH_USER_PATHS = NO;
				CLANG_ANALYZER_NONNULL = YES;
				CLANG_ANALYZER_NUMBER_OBJECT_CONVERSION = YES_AGGRESSIVE;
				CLANG_CXX_LANGUAGE_STANDARD = "gnu++17";
				CLANG_ENABLE_MODULES = YES;
				CLANG_ENABLE_OBJC_ARC = YES;
				CLANG_ENABLE_OBJC_WEAK = YES;
				CLANG_WARN_BLOCK_CAPTURE_AUTORELEASING = YES;
				CLANG_WARN_BOOL_CONVERSION = YES;
				CLANG_WARN_COMMA = YES;
				CLANG_WARN_CONSTANT_CONVERSION = YES;
				CLANG_WARN_DEPRECATED_OBJC_IMPLEMENTATIONS = YES;
				CLANG_WARN_DIRECT_OBJC_ISA_USAGE = YES_ERROR;
				CLANG_WARN_DOCUMENTATION_COMMENTS = YES;
				CLANG_WARN_EMPTY_BODY = YES;
				CLANG_WARN_ENUM_CONVERSION = YES;
				CLANG_WARN_INFINITE_RECURSION = YES;
				CLANG_WARN_INT_CONVERSION = YES;
				CLANG_WARN_NON_LITERAL_NULL_CONVERSION = YES;
				CLANG_WARN_OBJC_IMPLICIT_RETAIN_SELF = YES;
				CLANG_WARN_OBJC_LITERAL_CONVERSION = YES;
				CLANG_WARN_OBJC_ROOT_CLASS = YES_ERROR;
				CLANG_WARN_QUOTED_INCLUDE_IN_FRAMEWORK_HEADER = YES;
				CLANG_WARN_RANGE_LOOP_ANALYSIS = YES;
				CLANG_WARN_STRICT_PROTOTYPES = YES;
				CLANG_WARN_SUSPICIOUS_MOVE = YES;
				CLANG_WARN_UNGUARDED_AVAILABILITY = YES_AGGRESSIVE;
				CLANG_WARN_UNREACHABLE_CODE = YES;
				CLANG_WARN__DUPLICATE_METHOD_MATCH = YES;
				COPY_PHASE_STRIP = NO;
				DEBUG_INFORMATION_FORMAT = "dwarf-with-dsym";
				ENABLE_NS_ASSERTIONS = NO;
				ENABLE_STRICT_OBJC_MSGSEND = YES;
				GCC_C_LANGUAGE_STANDARD = gnu11;
				GCC_NO_COMMON_BLOCKS = YES;
				GCC_WARN_64_TO_32_BIT_CONVERSION = YES;
				GCC_WARN_ABOUT_RETURN_TYPE = YES_ERROR;
				GCC_WARN_UNDECLARED_SELECTOR = YES;
				GCC_WARN_UNINITIALIZED_AUTOS = YES_AGGRESSIVE;
				GCC_WARN_UNUSED_FUNCTION = YES;
				GCC_WARN_UNUSED_VARIABLE = YES;
				IPHONEOS_DEPLOYMENT_TARGET = 15.0;
				MTL_ENABLE_DEBUG_INFO = NO;
				MTL_FAST_MATH = YES;
				SDKROOT = iphoneos;
				SWIFT_COMPILATION_MODE = wholemodule;
				SWIFT_OPTIMIZATION_LEVEL = "-O";
				VALIDATE_PRODUCT = YES;
			};
			name = Release;
		};
		E81923F728AE221C00CB3FFE /* Debug */ = {
			isa = XCBuildConfiguration;
			buildSettings = {
				ASSETCATALOG_COMPILER_APPICON_NAME = AppIcon;
				ASSETCATALOG_COMPILER_GLOBAL_ACCENT_COLOR_NAME = AccentColor;
				CODE_SIGN_STYLE = Automatic;
				CURRENT_PROJECT_VERSION = 1;
				DEVELOPMENT_TEAM = 2AVC8X7323;
				GENERATE_INFOPLIST_FILE = YES;
				INFOPLIST_FILE = BackgroundTasksExample/Resources/Info.plist;
				INFOPLIST_KEY_UIApplicationSupportsIndirectInputEvents = YES;
				INFOPLIST_KEY_UILaunchStoryboardName = LaunchScreen;
				INFOPLIST_KEY_UIMainStoryboardFile = Main;
				INFOPLIST_KEY_UISupportedInterfaceOrientations = UIInterfaceOrientationPortrait;
				INFOPLIST_KEY_UISupportedInterfaceOrientations_iPad = "UIInterfaceOrientationPortrait UIInterfaceOrientationPortraitUpsideDown UIInterfaceOrientationLandscapeLeft UIInterfaceOrientationLandscapeRight";
				INFOPLIST_KEY_UISupportedInterfaceOrientations_iPhone = "UIInterfaceOrientationPortrait UIInterfaceOrientationLandscapeLeft UIInterfaceOrientationLandscapeRight";
				LD_RUNPATH_SEARCH_PATHS = (
					"$(inherited)",
					"@executable_path/Frameworks",
				);
				MARKETING_VERSION = 1.0;
				PRODUCT_BUNDLE_IDENTIFIER = woin2ee.BackgroundTasksExample;
				PRODUCT_NAME = "$(TARGET_NAME)";
				SWIFT_EMIT_LOC_STRINGS = YES;
				SWIFT_VERSION = 5.0;
				TARGETED_DEVICE_FAMILY = 1;
			};
			name = Debug;
		};
		E81923F828AE221C00CB3FFE /* Release */ = {
			isa = XCBuildConfiguration;
			buildSettings = {
				ASSETCATALOG_COMPILER_APPICON_NAME = AppIcon;
				ASSETCATALOG_COMPILER_GLOBAL_ACCENT_COLOR_NAME = AccentColor;
				CODE_SIGN_STYLE = Automatic;
				CURRENT_PROJECT_VERSION = 1;
				DEVELOPMENT_TEAM = 2AVC8X7323;
				GENERATE_INFOPLIST_FILE = YES;
				INFOPLIST_FILE = BackgroundTasksExample/Resources/Info.plist;
				INFOPLIST_KEY_UIApplicationSupportsIndirectInputEvents = YES;
				INFOPLIST_KEY_UILaunchStoryboardName = LaunchScreen;
				INFOPLIST_KEY_UIMainStoryboardFile = Main;
				INFOPLIST_KEY_UISupportedInterfaceOrientations = UIInterfaceOrientationPortrait;
				INFOPLIST_KEY_UISupportedInterfaceOrientations_iPad = "UIInterfaceOrientationPortrait UIInterfaceOrientationPortraitUpsideDown UIInterfaceOrientationLandscapeLeft UIInterfaceOrientationLandscapeRight";
				INFOPLIST_KEY_UISupportedInterfaceOrientations_iPhone = "UIInterfaceOrientationPortrait UIInterfaceOrientationLandscapeLeft UIInterfaceOrientationLandscapeRight";
				LD_RUNPATH_SEARCH_PATHS = (
					"$(inherited)",
					"@executable_path/Frameworks",
				);
				MARKETING_VERSION = 1.0;
				PRODUCT_BUNDLE_IDENTIFIER = woin2ee.BackgroundTasksExample;
				PRODUCT_NAME = "$(TARGET_NAME)";
				SWIFT_EMIT_LOC_STRINGS = YES;
				SWIFT_VERSION = 5.0;
				TARGETED_DEVICE_FAMILY = 1;
			};
			name = Release;
		};
/* End XCBuildConfiguration section */

/* Begin XCConfigurationList section */
		E81923DD28AE221A00CB3FFE /* Build configuration list for PBXProject "BackgroundTasksExample" */ = {
			isa = XCConfigurationList;
			buildConfigurations = (
				E81923F428AE221C00CB3FFE /* Debug */,
				E81923F528AE221C00CB3FFE /* Release */,
			);
			defaultConfigurationIsVisible = 0;
			defaultConfigurationName = Release;
		};
		E81923F628AE221C00CB3FFE /* Build configuration list for PBXNativeTarget "BackgroundTasksExample" */ = {
			isa = XCConfigurationList;
			buildConfigurations = (
				E81923F728AE221C00CB3FFE /* Debug */,
				E81923F828AE221C00CB3FFE /* Release */,
			);
			defaultConfigurationIsVisible = 0;
			defaultConfigurationName = Release;
		};
/* End XCConfigurationList section */

/* Begin XCVersionGroup section */
		E819240828AE343F00CB3FFE /* CoreDataStorage.xcdatamodeld */ = {
			isa = XCVersionGroup;
			children = (
				E819240928AE343F00CB3FFE /* Model.xcdatamodel */,
			);
			currentVersion = E819240928AE343F00CB3FFE /* Model.xcdatamodel */;
			path = CoreDataStorage.xcdatamodeld;
			sourceTree = "<group>";
			versionGroupType = wrapper.xcdatamodel;
		};
/* End XCVersionGroup section */
	};
	rootObject = E81923DA28AE221A00CB3FFE /* Project object */;
}
